// !$*UTF8*$!
{
	archiveVersion = 1;
	classes = {
	};
	objectVersion = 63;
	objects = {

/* Begin PBXBuildFile section */
		2698B7C8100425FCD993C19E /* DetectorService.swift in Sources */ = {isa = PBXBuildFile; fileRef = C2263B49AD5FCCE17EAE99C5 /* DetectorService.swift */; };
		29ACB9437346BC450A6AF889 /* MainGameView.swift in Sources */ = {isa = PBXBuildFile; fileRef = E8A3970348065A31DD8D5213 /* MainGameView.swift */; };
		3F018B3245E06A3414887EDF /* DetectionResult.swift in Sources */ = {isa = PBXBuildFile; fileRef = 974FA4B0A2F69C26AEF861AA /* DetectionResult.swift */; };
		58EEA789B2D9BBC35F32C35D /* GameViewModel.swift in Sources */ = {isa = PBXBuildFile; fileRef = BED207DB99C041D88D4CD28D /* GameViewModel.swift */; };
		64D86F2C43E2C209C717A62B /* FruitPeekApp.swift in Sources */ = {isa = PBXBuildFile; fileRef = 564C8A1CA606C49A79BCF455 /* FruitPeekApp.swift */; };
		760B146B2EE2F42C00D05A2E /* yolov8n.mlpackage in Sources */ = {isa = PBXBuildFile; fileRef = 760B14692EE2F42C00D05A2E /* yolov8n.mlpackage */; };
		81640ECB98A4FF82D3B6D6CD /* CameraPreviewView.swift in Sources */ = {isa = PBXBuildFile; fileRef = ACB70ED9860BC2DB022A6885 /* CameraPreviewView.swift */; };
		8704102D91FB04EBC3E0AC02 /* CameraService.swift in Sources */ = {isa = PBXBuildFile; fileRef = 79F5BA0BDB5BDC4722767F72 /* CameraService.swift */; };
		A870088E47F0607996365D99 /* LiquidUIComponents.swift in Sources */ = {isa = PBXBuildFile; fileRef = 16B34E8BED196F01CB252DA4 /* LiquidUIComponents.swift */; };
/* End PBXBuildFile section */

/* Begin PBXFileReference section */
		16B34E8BED196F01CB252DA4 /* LiquidUIComponents.swift */ = {isa = PBXFileReference; lastKnownFileType = sourcecode.swift; path = LiquidUIComponents.swift; sourceTree = "<group>"; };
		564C8A1CA606C49A79BCF455 /* FruitPeekApp.swift */ = {isa = PBXFileReference; lastKnownFileType = sourcecode.swift; path = FruitPeekApp.swift; sourceTree = "<group>"; };
		760B14672EE2F41B00D05A2E /* Info.plist */ = {isa = PBXFileReference; lastKnownFileType = text.plist.xml; path = Info.plist; sourceTree = "<group>"; };
		760B14682EE2F42C00D05A2E /* Assets.xcassets */ = {isa = PBXFileReference; lastKnownFileType = folder.assetcatalog; path = Assets.xcassets; sourceTree = "<group>"; };
		760B14692EE2F42C00D05A2E /* yolov8n.mlpackage */ = {isa = PBXFileReference; lastKnownFileType = folder.mlpackage; path = yolov8n.mlpackage; sourceTree = "<group>"; };
		79F5BA0BDB5BDC4722767F72 /* CameraService.swift */ = {isa = PBXFileReference; lastKnownFileType = sourcecode.swift; path = CameraService.swift; sourceTree = "<group>"; };
		974FA4B0A2F69C26AEF861AA /* DetectionResult.swift */ = {isa = PBXFileReference; lastKnownFileType = sourcecode.swift; path = DetectionResult.swift; sourceTree = "<group>"; };
		ACB70ED9860BC2DB022A6885 /* CameraPreviewView.swift */ = {isa = PBXFileReference; lastKnownFileType = sourcecode.swift; path = CameraPreviewView.swift; sourceTree = "<group>"; };
		BED207DB99C041D88D4CD28D /* GameViewModel.swift */ = {isa = PBXFileReference; lastKnownFileType = sourcecode.swift; path = GameViewModel.swift; sourceTree = "<group>"; };
		C2263B49AD5FCCE17EAE99C5 /* DetectorService.swift */ = {isa = PBXFileReference; lastKnownFileType = sourcecode.swift; path = DetectorService.swift; sourceTree = "<group>"; };
		E8A3970348065A31DD8D5213 /* MainGameView.swift */ = {isa = PBXFileReference; lastKnownFileType = sourcecode.swift; path = MainGameView.swift; sourceTree = "<group>"; };
		F065DB727B6D18CF19594B43 /* FruitPeek.app */ = {isa = PBXFileReference; explicitFileType = wrapper.application; includeInIndex = 0; path = FruitPeek.app; sourceTree = BUILT_PRODUCTS_DIR; };
/* End PBXFileReference section */

/* Begin PBXGroup section */
		111FD73357064311C77A5364 /* Models */ = {
			isa = PBXGroup;
			children = (
				974FA4B0A2F69C26AEF861AA /* DetectionResult.swift */,
			);
			path = Models;
			sourceTree = "<group>";
		};
		19CD88DFACBE90C1DD32A6D7 /* Services */ = {
			isa = PBXGroup;
			children = (
				79F5BA0BDB5BDC4722767F72 /* CameraService.swift */,
				C2263B49AD5FCCE17EAE99C5 /* DetectorService.swift */,
			);
			path = Services;
			sourceTree = "<group>";
		};
		44C5C77070D03ED4AB6C1656 /* ViewModels */ = {
			isa = PBXGroup;
			children = (
				BED207DB99C041D88D4CD28D /* GameViewModel.swift */,
			);
			path = ViewModels;
			sourceTree = "<group>";
		};
		703CE86DEF208D7091229866 = {
			isa = PBXGroup;
			children = (
				CE7C5BEB12735DF9F4006DB1 /* FruitPeek */,
				731C5085605F120C3C898B0F /* Products */,
			);
			sourceTree = "<group>";
		};
		731C5085605F120C3C898B0F /* Products */ = {
			isa = PBXGroup;
			children = (
				F065DB727B6D18CF19594B43 /* FruitPeek.app */,
			);
			name = Products;
			sourceTree = "<group>";
		};
		760B146A2EE2F42C00D05A2E /* Resources */ = {
			isa = PBXGroup;
			children = (
				760B14682EE2F42C00D05A2E /* Assets.xcassets */,
				760B14692EE2F42C00D05A2E /* yolov8n.mlpackage */,
			);
			path = Resources;
			sourceTree = "<group>";
		};
		87E5585ADA7C53CD97769CAF /* Components */ = {
			isa = PBXGroup;
			children = (
				16B34E8BED196F01CB252DA4 /* LiquidUIComponents.swift */,
			);
			path = Components;
			sourceTree = "<group>";
		};
		CE7C5BEB12735DF9F4006DB1 /* FruitPeek */ = {
			isa = PBXGroup;
			children = (
				760B146A2EE2F42C00D05A2E /* Resources */,
				760B14672EE2F41B00D05A2E /* Info.plist */,
				564C8A1CA606C49A79BCF455 /* FruitPeekApp.swift */,
				111FD73357064311C77A5364 /* Models */,
				19CD88DFACBE90C1DD32A6D7 /* Services */,
				44C5C77070D03ED4AB6C1656 /* ViewModels */,
				E82C902CAE15B5B054D1F951 /* Views */,
			);
			path = FruitPeek;
			sourceTree = "<group>";
		};
		E82C902CAE15B5B054D1F951 /* Views */ = {
			isa = PBXGroup;
			children = (
				ACB70ED9860BC2DB022A6885 /* CameraPreviewView.swift */,
				E8A3970348065A31DD8D5213 /* MainGameView.swift */,
				87E5585ADA7C53CD97769CAF /* Components */,
			);
			path = Views;
			sourceTree = "<group>";
		};
/* End PBXGroup section */

/* Begin PBXNativeTarget section */
		68AEC6DDC3EE860801DBE74C /* FruitPeek */ = {
			isa = PBXNativeTarget;
			buildConfigurationList = 7551FFAEF7C9F212B3E964D2 /* Build configuration list for PBXNativeTarget "FruitPeek" */;
			buildPhases = (
				0D3C5271117D580F1E74CF38 /* Sources */,
			);
			buildRules = (
			);
			dependencies = (
			);
			name = FruitPeek;
			packageProductDependencies = (
			);
			productName = FruitPeek;
			productReference = F065DB727B6D18CF19594B43 /* FruitPeek.app */;
			productType = "com.apple.product-type.application";
		};
/* End PBXNativeTarget section */

/* Begin PBXProject section */
		4A01C1E66DDAB49D522ED6DA /* Project object */ = {
			isa = PBXProject;
			attributes = {
				BuildIndependentTargetsInParallel = YES;
				LastUpgradeCheck = 1500;
				TargetAttributes = {
					68AEC6DDC3EE860801DBE74C = {
						ProvisioningStyle = Automatic;
					};
				};
			};
			buildConfigurationList = B5057F94CFDAC4E9D0210AD0 /* Build configuration list for PBXProject "FruitPeek" */;
			compatibilityVersion = "Xcode 14.0";
			developmentRegion = en;
			hasScannedForEncodings = 0;
			knownRegions = (
				Base,
				en,
			);
			mainGroup = 703CE86DEF208D7091229866;
			minimizedProjectReferenceProxies = 1;
			projectDirPath = "";
			projectRoot = "";
			targets = (
				68AEC6DDC3EE860801DBE74C /* FruitPeek */,
			);
		};
/* End PBXProject section */

/* Begin PBXSourcesBuildPhase section */
		0D3C5271117D580F1E74CF38 /* Sources */ = {
			isa = PBXSourcesBuildPhase;
			buildActionMask = 2147483647;
			files = (
				81640ECB98A4FF82D3B6D6CD /* CameraPreviewView.swift in Sources */,
				760B146B2EE2F42C00D05A2E /* yolov8n.mlpackage in Sources */,
				8704102D91FB04EBC3E0AC02 /* CameraService.swift in Sources */,
				3F018B3245E06A3414887EDF /* DetectionResult.swift in Sources */,
				2698B7C8100425FCD993C19E /* DetectorService.swift in Sources */,
				64D86F2C43E2C209C717A62B /* FruitPeekApp.swift in Sources */,
				58EEA789B2D9BBC35F32C35D /* GameViewModel.swift in Sources */,
				A870088E47F0607996365D99 /* LiquidUIComponents.swift in Sources */,
				29ACB9437346BC450A6AF889 /* MainGameView.swift in Sources */,
			);
			runOnlyForDeploymentPostprocessing = 0;
		};
/* End PBXSourcesBuildPhase section */

/* Begin XCBuildConfiguration section */
		46AFBFF08F16289FFB6497B5 /* Debug */ = {
			isa = XCBuildConfiguration;
			buildSettings = {
				ASSETCATALOG_COMPILER_APPICON_NAME = AppIcon;
				CODE_SIGN_IDENTITY = "iPhone Developer";
				COREML_CODEGEN_LANGUAGE = Swift;
				DEVELOPMENT_TEAM = BVYJVR78XC;
				GENERATE_INFOPLIST_FILE = YES;
				INFOPLIST_FILE = FruitPeek/Info.plist;
				INFOPLIST_KEY_NSCameraUsageDescription = "FruitPeek needs camera access to help you find fruits in the scavenger hunt!";
				INFOPLIST_KEY_UILaunchScreen_Generation = YES;
				INFOPLIST_KEY_UIRequiresFullScreen = YES;
				INFOPLIST_KEY_UIStatusBarHidden = YES;
				INFOPLIST_KEY_UISupportedInterfaceOrientations = "UIInterfaceOrientationLandscapeLeft UIInterfaceOrientationLandscapeRight";
				IPHONEOS_DEPLOYMENT_TARGET = 17.0;
				LD_RUNPATH_SEARCH_PATHS = (
					"$(inherited)",
					"@executable_path/Frameworks",
				);
				PRODUCT_BUNDLE_IDENTIFIER = com.upily.fruitpeek;
				SDKROOT = iphoneos;
				SUPPORTS_MAC_DESIGNED_FOR_IPHONE_IPAD = YES;
				TARGETED_DEVICE_FAMILY = "1,2";
			};
			name = Debug;
		};
		4FA247729B0F75791F97FC9E /* Release */ = {
			isa = XCBuildConfiguration;
			buildSettings = {
				ASSETCATALOG_COMPILER_APPICON_NAME = AppIcon;
				CODE_SIGN_IDENTITY = "iPhone Developer";
				COREML_CODEGEN_LANGUAGE = Swift;
				DEVELOPMENT_TEAM = BVYJVR78XC;
				GENERATE_INFOPLIST_FILE = YES;
				INFOPLIST_FILE = FruitPeek/Info.plist;
				INFOPLIST_KEY_NSCameraUsageDescription = "FruitPeek needs camera access to help you find fruits in the scavenger hunt!";
				INFOPLIST_KEY_UILaunchScreen_Generation = YES;
				INFOPLIST_KEY_UIRequiresFullScreen = YES;
				INFOPLIST_KEY_UIStatusBarHidden = YES;
				INFOPLIST_KEY_UISupportedInterfaceOrientations = "UIInterfaceOrientationLandscapeLeft UIInterfaceOrientationLandscapeRight";
				IPHONEOS_DEPLOYMENT_TARGET = 17.0;
				LD_RUNPATH_SEARCH_PATHS = (
					"$(inherited)",
					"@executable_path/Frameworks",
				);
				PRODUCT_BUNDLE_IDENTIFIER = com.upily.fruitpeek;
				SDKROOT = iphoneos;
				SUPPORTS_MAC_DESIGNED_FOR_IPHONE_IPAD = YES;
				TARGETED_DEVICE_FAMILY = "1,2";
			};
			name = Release;
		};
		5F29D6F980FFE7AA324F4A0C /* Release */ = {
			isa = XCBuildConfiguration;
			buildSettings = {
				ALWAYS_SEARCH_USER_PATHS = NO;
				ASSETCATALOG_COMPILER_APPICON_NAME = AppIcon;
				CLANG_ANALYZER_NONNULL = YES;
				CLANG_ANALYZER_NUMBER_OBJECT_CONVERSION = YES_AGGRESSIVE;
				CLANG_CXX_LANGUAGE_STANDARD = "gnu++14";
				CLANG_CXX_LIBRARY = "libc++";
				CLANG_ENABLE_MODULES = YES;
				CLANG_ENABLE_OBJC_ARC = YES;
				CLANG_ENABLE_OBJC_WEAK = YES;
				CLANG_WARN_BLOCK_CAPTURE_AUTORELEASING = YES;
				CLANG_WARN_BOOL_CONVERSION = YES;
				CLANG_WARN_COMMA = YES;
				CLANG_WARN_CONSTANT_CONVERSION = YES;
				CLANG_WARN_DEPRECATED_OBJC_IMPLEMENTATIONS = YES;
				CLANG_WARN_DIRECT_OBJC_ISA_USAGE = YES_ERROR;
				CLANG_WARN_DOCUMENTATION_COMMENTS = YES;
				CLANG_WARN_EMPTY_BODY = YES;
				CLANG_WARN_ENUM_CONVERSION = YES;
				CLANG_WARN_INFINITE_RECURSION = YES;
				CLANG_WARN_INT_CONVERSION = YES;
				CLANG_WARN_NON_LITERAL_NULL_CONVERSION = YES;
				CLANG_WARN_OBJC_IMPLICIT_RETAIN_SELF = YES;
				CLANG_WARN_OBJC_LITERAL_CONVERSION = YES;
				CLANG_WARN_OBJC_ROOT_CLASS = YES_ERROR;
				CLANG_WARN_QUOTED_INCLUDE_IN_FRAMEWORK_HEADER = YES;
				CLANG_WARN_RANGE_LOOP_ANALYSIS = YES;
				CLANG_WARN_STRICT_PROTOTYPES = YES;
				CLANG_WARN_SUSPICIOUS_MOVE = YES;
				CLANG_WARN_UNGUARDED_AVAILABILITY = YES_AGGRESSIVE;
				CLANG_WARN_UNREACHABLE_CODE = YES;
				CLANG_WARN__DUPLICATE_METHOD_MATCH = YES;
				CODE_SIGN_STYLE = Automatic;
				COPY_PHASE_STRIP = NO;
				CURRENT_PROJECT_VERSION = 1;
				DEBUG_INFORMATION_FORMAT = "dwarf-with-dsym";
				ENABLE_NS_ASSERTIONS = NO;
				ENABLE_STRICT_OBJC_MSGSEND = YES;
				GCC_C_LANGUAGE_STANDARD = gnu11;
				GCC_NO_COMMON_BLOCKS = YES;
				GCC_WARN_64_TO_32_BIT_CONVERSION = YES;
				GCC_WARN_ABOUT_RETURN_TYPE = YES_ERROR;
				GCC_WARN_UNDECLARED_SELECTOR = YES;
				GCC_WARN_UNINITIALIZED_AUTOS = YES_AGGRESSIVE;
				GCC_WARN_UNUSED_FUNCTION = YES;
				GCC_WARN_UNUSED_VARIABLE = YES;
				IPHONEOS_DEPLOYMENT_TARGET = 17.0;
				MARKETING_VERSION = 1.0;
				MTL_ENABLE_DEBUG_INFO = NO;
				MTL_FAST_MATH = YES;
				PRODUCT_NAME = "$(TARGET_NAME)";
				SDKROOT = iphoneos;
				SWIFT_COMPILATION_MODE = wholemodule;
				SWIFT_OPTIMIZATION_LEVEL = "-O";
				SWIFT_VERSION = 5.9;
			};
			name = Release;
		};
		843E1756EC613A9FD44AFFD6 /* Debug */ = {
			isa = XCBuildConfiguration;
			buildSettings = {
				ALWAYS_SEARCH_USER_PATHS = NO;
				ASSETCATALOG_COMPILER_APPICON_NAME = AppIcon;
				CLANG_ANALYZER_NONNULL = YES;
				CLANG_ANALYZER_NUMBER_OBJECT_CONVERSION = YES_AGGRESSIVE;
				CLANG_CXX_LANGUAGE_STANDARD = "gnu++14";
				CLANG_CXX_LIBRARY = "libc++";
				CLANG_ENABLE_MODULES = YES;
				CLANG_ENABLE_OBJC_ARC = YES;
				CLANG_ENABLE_OBJC_WEAK = YES;
				CLANG_WARN_BLOCK_CAPTURE_AUTORELEASING = YES;
				CLANG_WARN_BOOL_CONVERSION = YES;
				CLANG_WARN_COMMA = YES;
				CLANG_WARN_CONSTANT_CONVERSION = YES;
				CLANG_WARN_DEPRECATED_OBJC_IMPLEMENTATIONS = YES;
				CLANG_WARN_DIRECT_OBJC_ISA_USAGE = YES_ERROR;
				CLANG_WARN_DOCUMENTATION_COMMENTS = YES;
				CLANG_WARN_EMPTY_BODY = YES;
				CLANG_WARN_ENUM_CONVERSION = YES;
				CLANG_WARN_INFINITE_RECURSION = YES;
				CLANG_WARN_INT_CONVERSION = YES;
				CLANG_WARN_NON_LITERAL_NULL_CONVERSION = YES;
				CLANG_WARN_OBJC_IMPLICIT_RETAIN_SELF = YES;
				CLANG_WARN_OBJC_LITERAL_CONVERSION = YES;
				CLANG_WARN_OBJC_ROOT_CLASS = YES_ERROR;
				CLANG_WARN_QUOTED_INCLUDE_IN_FRAMEWORK_HEADER = YES;
				CLANG_WARN_RANGE_LOOP_ANALYSIS = YES;
				CLANG_WARN_STRICT_PROTOTYPES = YES;
				CLANG_WARN_SUSPICIOUS_MOVE = YES;
				CLANG_WARN_UNGUARDED_AVAILABILITY = YES_AGGRESSIVE;
				CLANG_WARN_UNREACHABLE_CODE = YES;
				CLANG_WARN__DUPLICATE_METHOD_MATCH = YES;
				CODE_SIGN_STYLE = Automatic;
				COPY_PHASE_STRIP = NO;
				CURRENT_PROJECT_VERSION = 1;
				DEBUG_INFORMATION_FORMAT = dwarf;
				ENABLE_STRICT_OBJC_MSGSEND = YES;
				ENABLE_TESTABILITY = YES;
				GCC_C_LANGUAGE_STANDARD = gnu11;
				GCC_DYNAMIC_NO_PIC = NO;
				GCC_NO_COMMON_BLOCKS = YES;
				GCC_OPTIMIZATION_LEVEL = 0;
				GCC_PREPROCESSOR_DEFINITIONS = (
					"$(inherited)",
					"DEBUG=1",
				);
				GCC_WARN_64_TO_32_BIT_CONVERSION = YES;
				GCC_WARN_ABOUT_RETURN_TYPE = YES_ERROR;
				GCC_WARN_UNDECLARED_SELECTOR = YES;
				GCC_WARN_UNINITIALIZED_AUTOS = YES_AGGRESSIVE;
				GCC_WARN_UNUSED_FUNCTION = YES;
				GCC_WARN_UNUSED_VARIABLE = YES;
				IPHONEOS_DEPLOYMENT_TARGET = 17.0;
				MARKETING_VERSION = 1.0;
				MTL_ENABLE_DEBUG_INFO = INCLUDE_SOURCE;
				MTL_FAST_MATH = YES;
				ONLY_ACTIVE_ARCH = YES;
				PRODUCT_NAME = "$(TARGET_NAME)";
				SDKROOT = iphoneos;
				SWIFT_ACTIVE_COMPILATION_CONDITIONS = DEBUG;
				SWIFT_OPTIMIZATION_LEVEL = "-Onone";
				SWIFT_VERSION = 5.9;
			};
			name = Debug;
		};
/* End XCBuildConfiguration section */

/* Begin XCConfigurationList section */
		7551FFAEF7C9F212B3E964D2 /* Build configuration list for PBXNativeTarget "FruitPeek" */ = {
			isa = XCConfigurationList;
			buildConfigurations = (
				46AFBFF08F16289FFB6497B5 /* Debug */,
				4FA247729B0F75791F97FC9E /* Release */,
			);
			defaultConfigurationIsVisible = 0;
			defaultConfigurationName = Debug;
		};
		B5057F94CFDAC4E9D0210AD0 /* Build configuration list for PBXProject "FruitPeek" */ = {
			isa = XCConfigurationList;
			buildConfigurations = (
				843E1756EC613A9FD44AFFD6 /* Debug */,
				5F29D6F980FFE7AA324F4A0C /* Release */,
			);
			defaultConfigurationIsVisible = 0;
			defaultConfigurationName = Debug;
		};
/* End XCConfigurationList section */
	};
	rootObject = 4A01C1E66DDAB49D522ED6DA /* Project object */;
}
